
Microsoft Visual Studio Solution File, Format Version 12.00
# Visual Studio 15
VisualStudioVersion = 15.0.28307.572
MinimumVisualStudioVersion = 10.0.40219.1
Project("{FAE04EC0-301F-11D3-BF4B-00C04F79EFBC}") = "FacebookAppServer", "FacebookAppServer\FacebookAppServer.csproj", "{F7F670E3-62D5-4F3B-9505-3840708FC034}"
EndProject
Project("{FAE04EC0-301F-11D3-BF4B-00C04F79EFBC}") = "FacebookAppUI", "FacebookAppUI\FacebookAppUI.csproj", "{6846DAE9-C326-4D91-A9CE-49DC14E62AAD}"
EndProject
Project("{FAE04EC0-301F-11D3-BF4B-00C04F79EFBC}") = "FBUser", "FBUser\FBUser.csproj", "{026C7A53-53AA-436B-9FB8-3D3385396148}"
EndProject
Project("{FAE04EC0-301F-11D3-BF4B-00C04F79EFBC}") = "GreetingCard", "GreetingCard\GreetingCard.csproj", "{C3BF9F53-0006-4E02-A4CA-03280E56DD3B}"
EndProject
Project("{FAE04EC0-301F-11D3-BF4B-00C04F79EFBC}") = "PanelBar", "PanelBar\PanelBar.csproj", "{5239B666-6B1F-4B06-A073-66B4CAF7168B}"
EndProject
Project("{2150E333-8FDC-42A3-9474-1A3956D46DE8}") = "Solution Items", "Solution Items", "{5742743A-E863-418B-BED8-9827067DD263}"
EndProject
Global
	GlobalSection(SolutionConfigurationPlatforms) = preSolution
		Debug|Any CPU = Debug|Any CPU
		Release|Any CPU = Release|Any CPU
	EndGlobalSection
	GlobalSection(ProjectConfigurationPlatforms) = postSolution
		{F7F670E3-62D5-4F3B-9505-3840708FC034}.Debug|Any CPU.ActiveCfg = Debug|Any CPU
		{F7F670E3-62D5-4F3B-9505-3840708FC034}.Debug|Any CPU.Build.0 = Debug|Any CPU
		{F7F670E3-62D5-4F3B-9505-3840708FC034}.Release|Any CPU.ActiveCfg = Release|Any CPU
		{F7F670E3-62D5-4F3B-9505-3840708FC034}.Release|Any CPU.Build.0 = Release|Any CPU
		{6846DAE9-C326-4D91-A9CE-49DC14E62AAD}.Debug|Any CPU.ActiveCfg = Debug|Any CPU
		{6846DAE9-C326-4D91-A9CE-49DC14E62AAD}.Debug|Any CPU.Build.0 = Debug|Any CPU
		{6846DAE9-C326-4D91-A9CE-49DC14E62AAD}.Release|Any CPU.ActiveCfg = Release|Any CPU
		{6846DAE9-C326-4D91-A9CE-49DC14E62AAD}.Release|Any CPU.Build.0 = Release|Any CPU
		{026C7A53-53AA-436B-9FB8-3D3385396148}.Debug|Any CPU.ActiveCfg = Debug|Any CPU
		{026C7A53-53AA-436B-9FB8-3D3385396148}.Debug|Any CPU.Build.0 = Debug|Any CPU
		{026C7A53-53AA-436B-9FB8-3D3385396148}.Release|Any CPU.ActiveCfg = Release|Any CPU
		{026C7A53-53AA-436B-9FB8-3D3385396148}.Release|Any CPU.Build.0 = Release|Any CPU
		{C3BF9F53-0006-4E02-A4CA-03280E56DD3B}.Debug|Any CPU.ActiveCfg = Debug|Any CPU
		{C3BF9F53-0006-4E02-A4CA-03280E56DD3B}.Debug|Any CPU.Build.0 = Debug|Any CPU
		{C3BF9F53-0006-4E02-A4CA-03280E56DD3B}.Release|Any CPU.ActiveCfg = Release|Any CPU
		{C3BF9F53-0006-4E02-A4CA-03280E56DD3B}.Release|Any CPU.Build.0 = Release|Any CPU
		{5239B666-6B1F-4B06-A073-66B4CAF7168B}.Debug|Any CPU.ActiveCfg = Debug|Any CPU
		{5239B666-6B1F-4B06-A073-66B4CAF7168B}.Debug|Any CPU.Build.0 = Debug|Any CPU
		{5239B666-6B1F-4B06-A073-66B4CAF7168B}.Release|Any CPU.ActiveCfg = Release|Any CPU
		{5239B666-6B1F-4B06-A073-66B4CAF7168B}.Release|Any CPU.Build.0 = Release|Any CPU
	EndGlobalSection
	GlobalSection(SolutionProperties) = preSolution
		HideSolutionNode = FALSE
	EndGlobalSection
	GlobalSection(ExtensibilityGlobals) = postSolution
		SolutionGuid = {D2D846A8-8C3F-431E-A65B-1E941991D618}
	EndGlobalSection
EndGlobal
